
Microsoft Visual Studio Solution File, Format Version 12.00
# Visual Studio Version 16
VisualStudioVersion = 16.0.29905.134
MinimumVisualStudioVersion = 10.0.40219.1
Project("{FAE04EC0-301F-11D3-BF4B-00C04F79EFBC}") = "Aula38", "Projetos\Secao4\Aula38\Aula38.csproj", "{E6F824D1-FFEC-4DBA-941A-1D4E7B93FCBB}"
EndProject
Global
	GlobalSection(SolutionConfigurationPlatforms) = preSolution
		Debug|Any CPU = Debug|Any CPU
		Release|Any CPU = Release|Any CPU
	EndGlobalSection
	GlobalSection(ProjectConfigurationPlatforms) = postSolution
		{E6F824D1-FFEC-4DBA-941A-1D4E7B93FCBB}.Debug|Any CPU.ActiveCfg = Debug|Any CPU
		{E6F824D1-FFEC-4DBA-941A-1D4E7B93FCBB}.Debug|Any CPU.Build.0 = Debug|Any CPU
		{E6F824D1-FFEC-4DBA-941A-1D4E7B93FCBB}.Release|Any CPU.ActiveCfg = Release|Any CPU
		{E6F824D1-FFEC-4DBA-941A-1D4E7B93FCBB}.Release|Any CPU.Build.0 = Release|Any CPU
	EndGlobalSection
	GlobalSection(SolutionProperties) = preSolution
		HideSolutionNode = FALSE
	EndGlobalSection
	GlobalSection(ExtensibilityGlobals) = postSolution
		SolutionGuid = {BBE88E76-E5EB-4B26-B71E-8E58B3D10079}
	EndGlobalSection
EndGlobal
