
Microsoft Visual Studio Solution File, Format Version 12.00
# Visual Studio Version 16
VisualStudioVersion = 16.0.29905.134
MinimumVisualStudioVersion = 10.0.40219.1
Project("{9A19103F-16F7-4668-BE54-9A1E7A4F7556}") = "Aula38", "Projetos\Secao4\Aula38\Aula38.csproj", "{E6F824D1-FFEC-4DBA-941A-1D4E7B93FCBB}"
EndProject
Project("{FAE04EC0-301F-11D3-BF4B-00C04F79EFBC}") = "Aula39", "Projetos\Secao4\Aula39\Aula39.csproj", "{F05A5B05-B2CD-466F-94C2-589711186130}"
EndProject
Project("{FAE04EC0-301F-11D3-BF4B-00C04F79EFBC}") = "Aula40Exe1", "Projetos\Secao4\Aula40Exe1\Aula40Exe1.csproj", "{7661E30D-F337-4126-9718-C8DA24FCD6A0}"
EndProject
Project("{FAE04EC0-301F-11D3-BF4B-00C04F79EFBC}") = "Aula40Exe2", "Projetos\Secao4\Aula40Exe2\Aula40Exe2.csproj", "{3A7CFE9F-0EB0-4266-BFAD-C5068431E5A2}"
EndProject
Global
	GlobalSection(SolutionConfigurationPlatforms) = preSolution
		Debug|Any CPU = Debug|Any CPU
		Release|Any CPU = Release|Any CPU
	EndGlobalSection
	GlobalSection(ProjectConfigurationPlatforms) = postSolution
		{E6F824D1-FFEC-4DBA-941A-1D4E7B93FCBB}.Debug|Any CPU.ActiveCfg = Debug|Any CPU
		{E6F824D1-FFEC-4DBA-941A-1D4E7B93FCBB}.Debug|Any CPU.Build.0 = Debug|Any CPU
		{E6F824D1-FFEC-4DBA-941A-1D4E7B93FCBB}.Release|Any CPU.ActiveCfg = Release|Any CPU
		{E6F824D1-FFEC-4DBA-941A-1D4E7B93FCBB}.Release|Any CPU.Build.0 = Release|Any CPU
		{F05A5B05-B2CD-466F-94C2-589711186130}.Debug|Any CPU.ActiveCfg = Debug|Any CPU
		{F05A5B05-B2CD-466F-94C2-589711186130}.Debug|Any CPU.Build.0 = Debug|Any CPU
		{F05A5B05-B2CD-466F-94C2-589711186130}.Release|Any CPU.ActiveCfg = Release|Any CPU
		{F05A5B05-B2CD-466F-94C2-589711186130}.Release|Any CPU.Build.0 = Release|Any CPU
		{7661E30D-F337-4126-9718-C8DA24FCD6A0}.Debug|Any CPU.ActiveCfg = Debug|Any CPU
		{7661E30D-F337-4126-9718-C8DA24FCD6A0}.Debug|Any CPU.Build.0 = Debug|Any CPU
		{7661E30D-F337-4126-9718-C8DA24FCD6A0}.Release|Any CPU.ActiveCfg = Release|Any CPU
		{7661E30D-F337-4126-9718-C8DA24FCD6A0}.Release|Any CPU.Build.0 = Release|Any CPU
		{3A7CFE9F-0EB0-4266-BFAD-C5068431E5A2}.Debug|Any CPU.ActiveCfg = Debug|Any CPU
		{3A7CFE9F-0EB0-4266-BFAD-C5068431E5A2}.Debug|Any CPU.Build.0 = Debug|Any CPU
		{3A7CFE9F-0EB0-4266-BFAD-C5068431E5A2}.Release|Any CPU.ActiveCfg = Release|Any CPU
		{3A7CFE9F-0EB0-4266-BFAD-C5068431E5A2}.Release|Any CPU.Build.0 = Release|Any CPU
	EndGlobalSection
	GlobalSection(SolutionProperties) = preSolution
		HideSolutionNode = FALSE
	EndGlobalSection
	GlobalSection(ExtensibilityGlobals) = postSolution
		SolutionGuid = {BBE88E76-E5EB-4B26-B71E-8E58B3D10079}
	EndGlobalSection
EndGlobal
